
Microsoft Visual Studio Solution File, Format Version 12.00
# Visual Studio 14
VisualStudioVersion = 14.0.25420.1
MinimumVisualStudioVersion = 10.0.40219.1
Project("{FAE04EC0-301F-11D3-BF4B-00C04F79EFBC}") = "ListViewBinding.Droid", "ListViewBinding\ListViewBinding.Droid\ListViewBinding.Droid.csproj", "{BE7D8EE1-7651-4242-9BCE-E8372690E45C}"
EndProject
Project("{FAE04EC0-301F-11D3-BF4B-00C04F79EFBC}") = "ListViewBinding.iOS", "ListViewBinding\ListViewBinding.iOS\ListViewBinding.iOS.csproj", "{B9D0E1B1-CE13-4081-B34F-BE433384C926}"
EndProject
Project("{FAE04EC0-301F-11D3-BF4B-00C04F79EFBC}") = "ListViewBinding.WinPhone", "ListViewBinding\ListViewBinding.WinPhone\ListViewBinding.WinPhone.csproj", "{C20CD714-E362-49CC-92FE-35AAFF5F8280}"
EndProject
Project("{FAE04EC0-301F-11D3-BF4B-00C04F79EFBC}") = "ListViewBinding.UWP", "ListViewBinding\ListViewBinding.UWP\ListViewBinding.UWP.csproj", "{4125A013-60AE-4882-A6B7-B459649173AA}"
EndProject
Project("{FAE04EC0-301F-11D3-BF4B-00C04F79EFBC}") = "ListViewBinding.Windows", "ListViewBinding\ListViewBinding.Windows\ListViewBinding.Windows.csproj", "{0839AD46-24AC-4FF0-A989-6A18BDEC4AA1}"
EndProject
Project("{FAE04EC0-301F-11D3-BF4B-00C04F79EFBC}") = "ListViewBinding", "ListViewBinding\ListViewBinding\ListViewBinding.csproj", "{4DACE15D-6945-4928-B506-373F92B53298}"
EndProject
Global
	GlobalSection(SolutionConfigurationPlatforms) = preSolution
		Ad-Hoc|Any CPU = Ad-Hoc|Any CPU
		Ad-Hoc|ARM = Ad-Hoc|ARM
		Ad-Hoc|iPhone = Ad-Hoc|iPhone
		Ad-Hoc|iPhoneSimulator = Ad-Hoc|iPhoneSimulator
		Ad-Hoc|x64 = Ad-Hoc|x64
		Ad-Hoc|x86 = Ad-Hoc|x86
		AppStore|Any CPU = AppStore|Any CPU
		AppStore|ARM = AppStore|ARM
		AppStore|iPhone = AppStore|iPhone
		AppStore|iPhoneSimulator = AppStore|iPhoneSimulator
		AppStore|x64 = AppStore|x64
		AppStore|x86 = AppStore|x86
		Debug|Any CPU = Debug|Any CPU
		Debug|ARM = Debug|ARM
		Debug|iPhone = Debug|iPhone
		Debug|iPhoneSimulator = Debug|iPhoneSimulator
		Debug|x64 = Debug|x64
		Debug|x86 = Debug|x86
		Release|Any CPU = Release|Any CPU
		Release|ARM = Release|ARM
		Release|iPhone = Release|iPhone
		Release|iPhoneSimulator = Release|iPhoneSimulator
		Release|x64 = Release|x64
		Release|x86 = Release|x86
	EndGlobalSection
	GlobalSection(ProjectConfigurationPlatforms) = postSolution
		{BE7D8EE1-7651-4242-9BCE-E8372690E45C}.Ad-Hoc|Any CPU.ActiveCfg = Release|Any CPU
		{BE7D8EE1-7651-4242-9BCE-E8372690E45C}.Ad-Hoc|Any CPU.Build.0 = Release|Any CPU
		{BE7D8EE1-7651-4242-9BCE-E8372690E45C}.Ad-Hoc|Any CPU.Deploy.0 = Release|Any CPU
		{BE7D8EE1-7651-4242-9BCE-E8372690E45C}.Ad-Hoc|ARM.ActiveCfg = Release|Any CPU
		{BE7D8EE1-7651-4242-9BCE-E8372690E45C}.Ad-Hoc|ARM.Build.0 = Release|Any CPU
		{BE7D8EE1-7651-4242-9BCE-E8372690E45C}.Ad-Hoc|ARM.Deploy.0 = Release|Any CPU
		{BE7D8EE1-7651-4242-9BCE-E8372690E45C}.Ad-Hoc|iPhone.ActiveCfg = Release|Any CPU
		{BE7D8EE1-7651-4242-9BCE-E8372690E45C}.Ad-Hoc|iPhone.Build.0 = Release|Any CPU
		{BE7D8EE1-7651-4242-9BCE-E8372690E45C}.Ad-Hoc|iPhone.Deploy.0 = Release|Any CPU
		{BE7D8EE1-7651-4242-9BCE-E8372690E45C}.Ad-Hoc|iPhoneSimulator.ActiveCfg = Release|Any CPU
		{BE7D8EE1-7651-4242-9BCE-E8372690E45C}.Ad-Hoc|iPhoneSimulator.Build.0 = Release|Any CPU
		{BE7D8EE1-7651-4242-9BCE-E8372690E45C}.Ad-Hoc|iPhoneSimulator.Deploy.0 = Release|Any CPU
		{BE7D8EE1-7651-4242-9BCE-E8372690E45C}.Ad-Hoc|x64.ActiveCfg = Release|Any CPU
		{BE7D8EE1-7651-4242-9BCE-E8372690E45C}.Ad-Hoc|x64.Build.0 = Release|Any CPU
		{BE7D8EE1-7651-4242-9BCE-E8372690E45C}.Ad-Hoc|x64.Deploy.0 = Release|Any CPU
		{BE7D8EE1-7651-4242-9BCE-E8372690E45C}.Ad-Hoc|x86.ActiveCfg = Release|Any CPU
		{BE7D8EE1-7651-4242-9BCE-E8372690E45C}.Ad-Hoc|x86.Build.0 = Release|Any CPU
		{BE7D8EE1-7651-4242-9BCE-E8372690E45C}.Ad-Hoc|x86.Deploy.0 = Release|Any CPU
		{BE7D8EE1-7651-4242-9BCE-E8372690E45C}.AppStore|Any CPU.ActiveCfg = Release|Any CPU
		{BE7D8EE1-7651-4242-9BCE-E8372690E45C}.AppStore|Any CPU.Build.0 = Release|Any CPU
		{BE7D8EE1-7651-4242-9BCE-E8372690E45C}.AppStore|Any CPU.Deploy.0 = Release|Any CPU
		{BE7D8EE1-7651-4242-9BCE-E8372690E45C}.AppStore|ARM.ActiveCfg = Release|Any CPU
		{BE7D8EE1-7651-4242-9BCE-E8372690E45C}.AppStore|ARM.Build.0 = Release|Any CPU
		{BE7D8EE1-7651-4242-9BCE-E8372690E45C}.AppStore|ARM.Deploy.0 = Release|Any CPU
		{BE7D8EE1-7651-4242-9BCE-E8372690E45C}.AppStore|iPhone.ActiveCfg = Release|Any CPU
		{BE7D8EE1-7651-4242-9BCE-E8372690E45C}.AppStore|iPhone.Build.0 = Release|Any CPU
		{BE7D8EE1-7651-4242-9BCE-E8372690E45C}.AppStore|iPhone.Deploy.0 = Release|Any CPU
		{BE7D8EE1-7651-4242-9BCE-E8372690E45C}.AppStore|iPhoneSimulator.ActiveCfg = Release|Any CPU
		{BE7D8EE1-7651-4242-9BCE-E8372690E45C}.AppStore|iPhoneSimulator.Build.0 = Release|Any CPU
		{BE7D8EE1-7651-4242-9BCE-E8372690E45C}.AppStore|iPhoneSimulator.Deploy.0 = Release|Any CPU
		{BE7D8EE1-7651-4242-9BCE-E8372690E45C}.AppStore|x64.ActiveCfg = Release|Any CPU
		{BE7D8EE1-7651-4242-9BCE-E8372690E45C}.AppStore|x64.Build.0 = Release|Any CPU
		{BE7D8EE1-7651-4242-9BCE-E8372690E45C}.AppStore|x64.Deploy.0 = Release|Any CPU
		{BE7D8EE1-7651-4242-9BCE-E8372690E45C}.AppStore|x86.ActiveCfg = Release|Any CPU
		{BE7D8EE1-7651-4242-9BCE-E8372690E45C}.AppStore|x86.Build.0 = Release|Any CPU
		{BE7D8EE1-7651-4242-9BCE-E8372690E45C}.AppStore|x86.Deploy.0 = Release|Any CPU
		{BE7D8EE1-7651-4242-9BCE-E8372690E45C}.Debug|Any CPU.ActiveCfg = Debug|Any CPU
		{BE7D8EE1-7651-4242-9BCE-E8372690E45C}.Debug|Any CPU.Build.0 = Debug|Any CPU
		{BE7D8EE1-7651-4242-9BCE-E8372690E45C}.Debug|Any CPU.Deploy.0 = Debug|Any CPU
		{BE7D8EE1-7651-4242-9BCE-E8372690E45C}.Debug|ARM.ActiveCfg = Debug|Any CPU
		{BE7D8EE1-7651-4242-9BCE-E8372690E45C}.Debug|ARM.Build.0 = Debug|Any CPU
		{BE7D8EE1-7651-4242-9BCE-E8372690E45C}.Debug|ARM.Deploy.0 = Debug|Any CPU
		{BE7D8EE1-7651-4242-9BCE-E8372690E45C}.Debug|iPhone.ActiveCfg = Debug|Any CPU
		{BE7D8EE1-7651-4242-9BCE-E8372690E45C}.Debug|iPhone.Build.0 = Debug|Any CPU
		{BE7D8EE1-7651-4242-9BCE-E8372690E45C}.Debug|iPhone.Deploy.0 = Debug|Any CPU
		{BE7D8EE1-7651-4242-9BCE-E8372690E45C}.Debug|iPhoneSimulator.ActiveCfg = Debug|Any CPU
		{BE7D8EE1-7651-4242-9BCE-E8372690E45C}.Debug|iPhoneSimulator.Build.0 = Debug|Any CPU
		{BE7D8EE1-7651-4242-9BCE-E8372690E45C}.Debug|iPhoneSimulator.Deploy.0 = Debug|Any CPU
		{BE7D8EE1-7651-4242-9BCE-E8372690E45C}.Debug|x64.ActiveCfg = Debug|Any CPU
		{BE7D8EE1-7651-4242-9BCE-E8372690E45C}.Debug|x64.Build.0 = Debug|Any CPU
		{BE7D8EE1-7651-4242-9BCE-E8372690E45C}.Debug|x64.Deploy.0 = Debug|Any CPU
		{BE7D8EE1-7651-4242-9BCE-E8372690E45C}.Debug|x86.ActiveCfg = Debug|Any CPU
		{BE7D8EE1-7651-4242-9BCE-E8372690E45C}.Debug|x86.Build.0 = Debug|Any CPU
		{BE7D8EE1-7651-4242-9BCE-E8372690E45C}.Debug|x86.Deploy.0 = Debug|Any CPU
		{BE7D8EE1-7651-4242-9BCE-E8372690E45C}.Release|Any CPU.ActiveCfg = Release|Any CPU
		{BE7D8EE1-7651-4242-9BCE-E8372690E45C}.Release|Any CPU.Build.0 = Release|Any CPU
		{BE7D8EE1-7651-4242-9BCE-E8372690E45C}.Release|Any CPU.Deploy.0 = Release|Any CPU
		{BE7D8EE1-7651-4242-9BCE-E8372690E45C}.Release|ARM.ActiveCfg = Release|Any CPU
		{BE7D8EE1-7651-4242-9BCE-E8372690E45C}.Release|ARM.Build.0 = Release|Any CPU
		{BE7D8EE1-7651-4242-9BCE-E8372690E45C}.Release|ARM.Deploy.0 = Release|Any CPU
		{BE7D8EE1-7651-4242-9BCE-E8372690E45C}.Release|iPhone.ActiveCfg = Release|Any CPU
		{BE7D8EE1-7651-4242-9BCE-E8372690E45C}.Release|iPhone.Build.0 = Release|Any CPU
		{BE7D8EE1-7651-4242-9BCE-E8372690E45C}.Release|iPhone.Deploy.0 = Release|Any CPU
		{BE7D8EE1-7651-4242-9BCE-E8372690E45C}.Release|iPhoneSimulator.ActiveCfg = Release|Any CPU
		{BE7D8EE1-7651-4242-9BCE-E8372690E45C}.Release|iPhoneSimulator.Build.0 = Release|Any CPU
		{BE7D8EE1-7651-4242-9BCE-E8372690E45C}.Release|iPhoneSimulator.Deploy.0 = Release|Any CPU
		{BE7D8EE1-7651-4242-9BCE-E8372690E45C}.Release|x64.ActiveCfg = Release|Any CPU
		{BE7D8EE1-7651-4242-9BCE-E8372690E45C}.Release|x64.Build.0 = Release|Any CPU
		{BE7D8EE1-7651-4242-9BCE-E8372690E45C}.Release|x64.Deploy.0 = Release|Any CPU
		{BE7D8EE1-7651-4242-9BCE-E8372690E45C}.Release|x86.ActiveCfg = Release|Any CPU
		{BE7D8EE1-7651-4242-9BCE-E8372690E45C}.Release|x86.Build.0 = Release|Any CPU
		{BE7D8EE1-7651-4242-9BCE-E8372690E45C}.Release|x86.Deploy.0 = Release|Any CPU
		{B9D0E1B1-CE13-4081-B34F-BE433384C926}.Ad-Hoc|Any CPU.ActiveCfg = Ad-Hoc|iPhone
		{B9D0E1B1-CE13-4081-B34F-BE433384C926}.Ad-Hoc|ARM.ActiveCfg = Ad-Hoc|iPhone
		{B9D0E1B1-CE13-4081-B34F-BE433384C926}.Ad-Hoc|iPhone.ActiveCfg = Ad-Hoc|iPhone
		{B9D0E1B1-CE13-4081-B34F-BE433384C926}.Ad-Hoc|iPhone.Build.0 = Ad-Hoc|iPhone
		{B9D0E1B1-CE13-4081-B34F-BE433384C926}.Ad-Hoc|iPhoneSimulator.ActiveCfg = Ad-Hoc|iPhoneSimulator
		{B9D0E1B1-CE13-4081-B34F-BE433384C926}.Ad-Hoc|iPhoneSimulator.Build.0 = Ad-Hoc|iPhoneSimulator
		{B9D0E1B1-CE13-4081-B34F-BE433384C926}.Ad-Hoc|x64.ActiveCfg = Ad-Hoc|iPhone
		{B9D0E1B1-CE13-4081-B34F-BE433384C926}.Ad-Hoc|x86.ActiveCfg = Ad-Hoc|iPhone
		{B9D0E1B1-CE13-4081-B34F-BE433384C926}.AppStore|Any CPU.ActiveCfg = AppStore|iPhone
		{B9D0E1B1-CE13-4081-B34F-BE433384C926}.AppStore|ARM.ActiveCfg = AppStore|iPhone
		{B9D0E1B1-CE13-4081-B34F-BE433384C926}.AppStore|iPhone.ActiveCfg = AppStore|iPhone
		{B9D0E1B1-CE13-4081-B34F-BE433384C926}.AppStore|iPhone.Build.0 = AppStore|iPhone
		{B9D0E1B1-CE13-4081-B34F-BE433384C926}.AppStore|iPhoneSimulator.ActiveCfg = AppStore|iPhoneSimulator
		{B9D0E1B1-CE13-4081-B34F-BE433384C926}.AppStore|iPhoneSimulator.Build.0 = AppStore|iPhoneSimulator
		{B9D0E1B1-CE13-4081-B34F-BE433384C926}.AppStore|x64.ActiveCfg = AppStore|iPhone
		{B9D0E1B1-CE13-4081-B34F-BE433384C926}.AppStore|x86.ActiveCfg = AppStore|iPhone
		{B9D0E1B1-CE13-4081-B34F-BE433384C926}.Debug|Any CPU.ActiveCfg = Debug|iPhone
		{B9D0E1B1-CE13-4081-B34F-BE433384C926}.Debug|ARM.ActiveCfg = Debug|iPhone
		{B9D0E1B1-CE13-4081-B34F-BE433384C926}.Debug|iPhone.ActiveCfg = Debug|iPhone
		{B9D0E1B1-CE13-4081-B34F-BE433384C926}.Debug|iPhone.Build.0 = Debug|iPhone
		{B9D0E1B1-CE13-4081-B34F-BE433384C926}.Debug|iPhoneSimulator.ActiveCfg = Debug|iPhoneSimulator
		{B9D0E1B1-CE13-4081-B34F-BE433384C926}.Debug|iPhoneSimulator.Build.0 = Debug|iPhoneSimulator
		{B9D0E1B1-CE13-4081-B34F-BE433384C926}.Debug|x64.ActiveCfg = Debug|iPhone
		{B9D0E1B1-CE13-4081-B34F-BE433384C926}.Debug|x86.ActiveCfg = Debug|iPhone
		{B9D0E1B1-CE13-4081-B34F-BE433384C926}.Release|Any CPU.ActiveCfg = Release|iPhone
		{B9D0E1B1-CE13-4081-B34F-BE433384C926}.Release|ARM.ActiveCfg = Release|iPhone
		{B9D0E1B1-CE13-4081-B34F-BE433384C926}.Release|iPhone.ActiveCfg = Release|iPhone
		{B9D0E1B1-CE13-4081-B34F-BE433384C926}.Release|iPhone.Build.0 = Release|iPhone
		{B9D0E1B1-CE13-4081-B34F-BE433384C926}.Release|iPhoneSimulator.ActiveCfg = Release|iPhoneSimulator
		{B9D0E1B1-CE13-4081-B34F-BE433384C926}.Release|iPhoneSimulator.Build.0 = Release|iPhoneSimulator
		{B9D0E1B1-CE13-4081-B34F-BE433384C926}.Release|x64.ActiveCfg = Release|iPhone
		{B9D0E1B1-CE13-4081-B34F-BE433384C926}.Release|x86.ActiveCfg = Release|iPhone
		{C20CD714-E362-49CC-92FE-35AAFF5F8280}.Ad-Hoc|Any CPU.ActiveCfg = Release|Any CPU
		{C20CD714-E362-49CC-92FE-35AAFF5F8280}.Ad-Hoc|Any CPU.Build.0 = Release|Any CPU
		{C20CD714-E362-49CC-92FE-35AAFF5F8280}.Ad-Hoc|Any CPU.Deploy.0 = Release|Any CPU
		{C20CD714-E362-49CC-92FE-35AAFF5F8280}.Ad-Hoc|ARM.ActiveCfg = Release|ARM
		{C20CD714-E362-49CC-92FE-35AAFF5F8280}.Ad-Hoc|ARM.Build.0 = Release|ARM
		{C20CD714-E362-49CC-92FE-35AAFF5F8280}.Ad-Hoc|ARM.Deploy.0 = Release|ARM
		{C20CD714-E362-49CC-92FE-35AAFF5F8280}.Ad-Hoc|iPhone.ActiveCfg = Release|Any CPU
		{C20CD714-E362-49CC-92FE-35AAFF5F8280}.Ad-Hoc|iPhone.Build.0 = Release|Any CPU
		{C20CD714-E362-49CC-92FE-35AAFF5F8280}.Ad-Hoc|iPhone.Deploy.0 = Release|Any CPU
		{C20CD714-E362-49CC-92FE-35AAFF5F8280}.Ad-Hoc|iPhoneSimulator.ActiveCfg = Release|Any CPU
		{C20CD714-E362-49CC-92FE-35AAFF5F8280}.Ad-Hoc|iPhoneSimulator.Build.0 = Release|Any CPU
		{C20CD714-E362-49CC-92FE-35AAFF5F8280}.Ad-Hoc|iPhoneSimulator.Deploy.0 = Release|Any CPU
		{C20CD714-E362-49CC-92FE-35AAFF5F8280}.Ad-Hoc|x64.ActiveCfg = Release|Any CPU
		{C20CD714-E362-49CC-92FE-35AAFF5F8280}.Ad-Hoc|x64.Build.0 = Release|Any CPU
		{C20CD714-E362-49CC-92FE-35AAFF5F8280}.Ad-Hoc|x64.Deploy.0 = Release|Any CPU
		{C20CD714-E362-49CC-92FE-35AAFF5F8280}.Ad-Hoc|x86.ActiveCfg = Release|x86
		{C20CD714-E362-49CC-92FE-35AAFF5F8280}.Ad-Hoc|x86.Build.0 = Release|x86
		{C20CD714-E362-49CC-92FE-35AAFF5F8280}.Ad-Hoc|x86.Deploy.0 = Release|x86
		{C20CD714-E362-49CC-92FE-35AAFF5F8280}.AppStore|Any CPU.ActiveCfg = Release|Any CPU
		{C20CD714-E362-49CC-92FE-35AAFF5F8280}.AppStore|Any CPU.Build.0 = Release|Any CPU
		{C20CD714-E362-49CC-92FE-35AAFF5F8280}.AppStore|Any CPU.Deploy.0 = Release|Any CPU
		{C20CD714-E362-49CC-92FE-35AAFF5F8280}.AppStore|ARM.ActiveCfg = Release|ARM
		{C20CD714-E362-49CC-92FE-35AAFF5F8280}.AppStore|ARM.Build.0 = Release|ARM
		{C20CD714-E362-49CC-92FE-35AAFF5F8280}.AppStore|ARM.Deploy.0 = Release|ARM
		{C20CD714-E362-49CC-92FE-35AAFF5F8280}.AppStore|iPhone.ActiveCfg = Release|Any CPU
		{C20CD714-E362-49CC-92FE-35AAFF5F8280}.AppStore|iPhone.Build.0 = Release|Any CPU
		{C20CD714-E362-49CC-92FE-35AAFF5F8280}.AppStore|iPhone.Deploy.0 = Release|Any CPU
		{C20CD714-E362-49CC-92FE-35AAFF5F8280}.AppStore|iPhoneSimulator.ActiveCfg = Release|Any CPU
		{C20CD714-E362-49CC-92FE-35AAFF5F8280}.AppStore|iPhoneSimulator.Build.0 = Release|Any CPU
		{C20CD714-E362-49CC-92FE-35AAFF5F8280}.AppStore|iPhoneSimulator.Deploy.0 = Release|Any CPU
		{C20CD714-E362-49CC-92FE-35AAFF5F8280}.AppStore|x64.ActiveCfg = Release|Any CPU
		{C20CD714-E362-49CC-92FE-35AAFF5F8280}.AppStore|x64.Build.0 = Release|Any CPU
		{C20CD714-E362-49CC-92FE-35AAFF5F8280}.AppStore|x64.Deploy.0 = Release|Any CPU
		{C20CD714-E362-49CC-92FE-35AAFF5F8280}.AppStore|x86.ActiveCfg = Release|x86
		{C20CD714-E362-49CC-92FE-35AAFF5F8280}.AppStore|x86.Build.0 = Release|x86
		{C20CD714-E362-49CC-92FE-35AAFF5F8280}.AppStore|x86.Deploy.0 = Release|x86
		{C20CD714-E362-49CC-92FE-35AAFF5F8280}.Debug|Any CPU.ActiveCfg = Debug|Any CPU
		{C20CD714-E362-49CC-92FE-35AAFF5F8280}.Debug|Any CPU.Build.0 = Debug|Any CPU
		{C20CD714-E362-49CC-92FE-35AAFF5F8280}.Debug|Any CPU.Deploy.0 = Debug|Any CPU
		{C20CD714-E362-49CC-92FE-35AAFF5F8280}.Debug|ARM.ActiveCfg = Debug|ARM
		{C20CD714-E362-49CC-92FE-35AAFF5F8280}.Debug|ARM.Build.0 = Debug|ARM
		{C20CD714-E362-49CC-92FE-35AAFF5F8280}.Debug|ARM.Deploy.0 = Debug|ARM
		{C20CD714-E362-49CC-92FE-35AAFF5F8280}.Debug|iPhone.ActiveCfg = Debug|Any CPU
		{C20CD714-E362-49CC-92FE-35AAFF5F8280}.Debug|iPhone.Build.0 = Debug|Any CPU
		{C20CD714-E362-49CC-92FE-35AAFF5F8280}.Debug|iPhone.Deploy.0 = Debug|Any CPU
		{C20CD714-E362-49CC-92FE-35AAFF5F8280}.Debug|iPhoneSimulator.ActiveCfg = Debug|Any CPU
		{C20CD714-E362-49CC-92FE-35AAFF5F8280}.Debug|iPhoneSimulator.Build.0 = Debug|Any CPU
		{C20CD714-E362-49CC-92FE-35AAFF5F8280}.Debug|iPhoneSimulator.Deploy.0 = Debug|Any CPU
		{C20CD714-E362-49CC-92FE-35AAFF5F8280}.Debug|x64.ActiveCfg = Debug|Any CPU
		{C20CD714-E362-49CC-92FE-35AAFF5F8280}.Debug|x64.Build.0 = Debug|Any CPU
		{C20CD714-E362-49CC-92FE-35AAFF5F8280}.Debug|x64.Deploy.0 = Debug|Any CPU
		{C20CD714-E362-49CC-92FE-35AAFF5F8280}.Debug|x86.ActiveCfg = Debug|x86
		{C20CD714-E362-49CC-92FE-35AAFF5F8280}.Debug|x86.Build.0 = Debug|x86
		{C20CD714-E362-49CC-92FE-35AAFF5F8280}.Debug|x86.Deploy.0 = Debug|x86
		{C20CD714-E362-49CC-92FE-35AAFF5F8280}.Release|Any CPU.ActiveCfg = Release|Any CPU
		{C20CD714-E362-49CC-92FE-35AAFF5F8280}.Release|Any CPU.Build.0 = Release|Any CPU
		{C20CD714-E362-49CC-92FE-35AAFF5F8280}.Release|Any CPU.Deploy.0 = Release|Any CPU
		{C20CD714-E362-49CC-92FE-35AAFF5F8280}.Release|ARM.ActiveCfg = Release|ARM
		{C20CD714-E362-49CC-92FE-35AAFF5F8280}.Release|ARM.Build.0 = Release|ARM
		{C20CD714-E362-49CC-92FE-35AAFF5F8280}.Release|ARM.Deploy.0 = Release|ARM
		{C20CD714-E362-49CC-92FE-35AAFF5F8280}.Release|iPhone.ActiveCfg = Release|Any CPU
		{C20CD714-E362-49CC-92FE-35AAFF5F8280}.Release|iPhone.Build.0 = Release|Any CPU
		{C20CD714-E362-49CC-92FE-35AAFF5F8280}.Release|iPhone.Deploy.0 = Release|Any CPU
		{C20CD714-E362-49CC-92FE-35AAFF5F8280}.Release|iPhoneSimulator.ActiveCfg = Release|Any CPU
		{C20CD714-E362-49CC-92FE-35AAFF5F8280}.Release|iPhoneSimulator.Build.0 = Release|Any CPU
		{C20CD714-E362-49CC-92FE-35AAFF5F8280}.Release|iPhoneSimulator.Deploy.0 = Release|Any CPU
		{C20CD714-E362-49CC-92FE-35AAFF5F8280}.Release|x64.ActiveCfg = Release|Any CPU
		{C20CD714-E362-49CC-92FE-35AAFF5F8280}.Release|x64.Build.0 = Release|Any CPU
		{C20CD714-E362-49CC-92FE-35AAFF5F8280}.Release|x64.Deploy.0 = Release|Any CPU
		{C20CD714-E362-49CC-92FE-35AAFF5F8280}.Release|x86.ActiveCfg = Release|x86
		{C20CD714-E362-49CC-92FE-35AAFF5F8280}.Release|x86.Build.0 = Release|x86
		{C20CD714-E362-49CC-92FE-35AAFF5F8280}.Release|x86.Deploy.0 = Release|x86
		{4125A013-60AE-4882-A6B7-B459649173AA}.Ad-Hoc|Any CPU.ActiveCfg = Release|x86
		{4125A013-60AE-4882-A6B7-B459649173AA}.Ad-Hoc|Any CPU.Build.0 = Release|x86
		{4125A013-60AE-4882-A6B7-B459649173AA}.Ad-Hoc|Any CPU.Deploy.0 = Release|x86
		{4125A013-60AE-4882-A6B7-B459649173AA}.Ad-Hoc|ARM.ActiveCfg = Release|ARM
		{4125A013-60AE-4882-A6B7-B459649173AA}.Ad-Hoc|ARM.Build.0 = Release|ARM
		{4125A013-60AE-4882-A6B7-B459649173AA}.Ad-Hoc|ARM.Deploy.0 = Release|ARM
		{4125A013-60AE-4882-A6B7-B459649173AA}.Ad-Hoc|iPhone.ActiveCfg = Release|x86
		{4125A013-60AE-4882-A6B7-B459649173AA}.Ad-Hoc|iPhone.Build.0 = Release|x86
		{4125A013-60AE-4882-A6B7-B459649173AA}.Ad-Hoc|iPhone.Deploy.0 = Release|x86
		{4125A013-60AE-4882-A6B7-B459649173AA}.Ad-Hoc|iPhoneSimulator.ActiveCfg = Release|x86
		{4125A013-60AE-4882-A6B7-B459649173AA}.Ad-Hoc|iPhoneSimulator.Build.0 = Release|x86
		{4125A013-60AE-4882-A6B7-B459649173AA}.Ad-Hoc|iPhoneSimulator.Deploy.0 = Release|x86
		{4125A013-60AE-4882-A6B7-B459649173AA}.Ad-Hoc|x64.ActiveCfg = Release|x64
		{4125A013-60AE-4882-A6B7-B459649173AA}.Ad-Hoc|x64.Build.0 = Release|x64
		{4125A013-60AE-4882-A6B7-B459649173AA}.Ad-Hoc|x64.Deploy.0 = Release|x64
		{4125A013-60AE-4882-A6B7-B459649173AA}.Ad-Hoc|x86.ActiveCfg = Release|x86
		{4125A013-60AE-4882-A6B7-B459649173AA}.Ad-Hoc|x86.Build.0 = Release|x86
		{4125A013-60AE-4882-A6B7-B459649173AA}.Ad-Hoc|x86.Deploy.0 = Release|x86
		{4125A013-60AE-4882-A6B7-B459649173AA}.AppStore|Any CPU.ActiveCfg = Release|x86
		{4125A013-60AE-4882-A6B7-B459649173AA}.AppStore|Any CPU.Build.0 = Release|x86
		{4125A013-60AE-4882-A6B7-B459649173AA}.AppStore|Any CPU.Deploy.0 = Release|x86
		{4125A013-60AE-4882-A6B7-B459649173AA}.AppStore|ARM.ActiveCfg = Release|ARM
		{4125A013-60AE-4882-A6B7-B459649173AA}.AppStore|ARM.Build.0 = Release|ARM
		{4125A013-60AE-4882-A6B7-B459649173AA}.AppStore|ARM.Deploy.0 = Release|ARM
		{4125A013-60AE-4882-A6B7-B459649173AA}.AppStore|iPhone.ActiveCfg = Release|x86
		{4125A013-60AE-4882-A6B7-B459649173AA}.AppStore|iPhone.Build.0 = Release|x86
		{4125A013-60AE-4882-A6B7-B459649173AA}.AppStore|iPhone.Deploy.0 = Release|x86
		{4125A013-60AE-4882-A6B7-B459649173AA}.AppStore|iPhoneSimulator.ActiveCfg = Release|x86
		{4125A013-60AE-4882-A6B7-B459649173AA}.AppStore|iPhoneSimulator.Build.0 = Release|x86
		{4125A013-60AE-4882-A6B7-B459649173AA}.AppStore|iPhoneSimulator.Deploy.0 = Release|x86
		{4125A013-60AE-4882-A6B7-B459649173AA}.AppStore|x64.ActiveCfg = Release|x64
		{4125A013-60AE-4882-A6B7-B459649173AA}.AppStore|x64.Build.0 = Release|x64
		{4125A013-60AE-4882-A6B7-B459649173AA}.AppStore|x64.Deploy.0 = Release|x64
		{4125A013-60AE-4882-A6B7-B459649173AA}.AppStore|x86.ActiveCfg = Release|x86
		{4125A013-60AE-4882-A6B7-B459649173AA}.AppStore|x86.Build.0 = Release|x86
		{4125A013-60AE-4882-A6B7-B459649173AA}.AppStore|x86.Deploy.0 = Release|x86
		{4125A013-60AE-4882-A6B7-B459649173AA}.Debug|Any CPU.ActiveCfg = Debug|x86
		{4125A013-60AE-4882-A6B7-B459649173AA}.Debug|ARM.ActiveCfg = Debug|ARM
		{4125A013-60AE-4882-A6B7-B459649173AA}.Debug|ARM.Build.0 = Debug|ARM
		{4125A013-60AE-4882-A6B7-B459649173AA}.Debug|ARM.Deploy.0 = Debug|ARM
		{4125A013-60AE-4882-A6B7-B459649173AA}.Debug|iPhone.ActiveCfg = Debug|x86
		{4125A013-60AE-4882-A6B7-B459649173AA}.Debug|iPhoneSimulator.ActiveCfg = Debug|x86
		{4125A013-60AE-4882-A6B7-B459649173AA}.Debug|x64.ActiveCfg = Debug|x64
		{4125A013-60AE-4882-A6B7-B459649173AA}.Debug|x64.Build.0 = Debug|x64
		{4125A013-60AE-4882-A6B7-B459649173AA}.Debug|x64.Deploy.0 = Debug|x64
		{4125A013-60AE-4882-A6B7-B459649173AA}.Debug|x86.ActiveCfg = Debug|x86
		{4125A013-60AE-4882-A6B7-B459649173AA}.Debug|x86.Build.0 = Debug|x86
		{4125A013-60AE-4882-A6B7-B459649173AA}.Debug|x86.Deploy.0 = Debug|x86
		{4125A013-60AE-4882-A6B7-B459649173AA}.Release|Any CPU.ActiveCfg = Release|x86
		{4125A013-60AE-4882-A6B7-B459649173AA}.Release|ARM.ActiveCfg = Release|ARM
		{4125A013-60AE-4882-A6B7-B459649173AA}.Release|ARM.Build.0 = Release|ARM
		{4125A013-60AE-4882-A6B7-B459649173AA}.Release|ARM.Deploy.0 = Release|ARM
		{4125A013-60AE-4882-A6B7-B459649173AA}.Release|iPhone.ActiveCfg = Release|x86
		{4125A013-60AE-4882-A6B7-B459649173AA}.Release|iPhoneSimulator.ActiveCfg = Release|x86
		{4125A013-60AE-4882-A6B7-B459649173AA}.Release|x64.ActiveCfg = Release|x64
		{4125A013-60AE-4882-A6B7-B459649173AA}.Release|x64.Build.0 = Release|x64
		{4125A013-60AE-4882-A6B7-B459649173AA}.Release|x64.Deploy.0 = Release|x64
		{4125A013-60AE-4882-A6B7-B459649173AA}.Release|x86.ActiveCfg = Release|x86
		{4125A013-60AE-4882-A6B7-B459649173AA}.Release|x86.Build.0 = Release|x86
		{4125A013-60AE-4882-A6B7-B459649173AA}.Release|x86.Deploy.0 = Release|x86
		{0839AD46-24AC-4FF0-A989-6A18BDEC4AA1}.Ad-Hoc|Any CPU.ActiveCfg = Release|Any CPU
		{0839AD46-24AC-4FF0-A989-6A18BDEC4AA1}.Ad-Hoc|Any CPU.Build.0 = Release|Any CPU
		{0839AD46-24AC-4FF0-A989-6A18BDEC4AA1}.Ad-Hoc|Any CPU.Deploy.0 = Release|Any CPU
		{0839AD46-24AC-4FF0-A989-6A18BDEC4AA1}.Ad-Hoc|ARM.ActiveCfg = Release|ARM
		{0839AD46-24AC-4FF0-A989-6A18BDEC4AA1}.Ad-Hoc|ARM.Build.0 = Release|ARM
		{0839AD46-24AC-4FF0-A989-6A18BDEC4AA1}.Ad-Hoc|ARM.Deploy.0 = Release|ARM
		{0839AD46-24AC-4FF0-A989-6A18BDEC4AA1}.Ad-Hoc|iPhone.ActiveCfg = Release|Any CPU
		{0839AD46-24AC-4FF0-A989-6A18BDEC4AA1}.Ad-Hoc|iPhone.Build.0 = Release|Any CPU
		{0839AD46-24AC-4FF0-A989-6A18BDEC4AA1}.Ad-Hoc|iPhone.Deploy.0 = Release|Any CPU
		{0839AD46-24AC-4FF0-A989-6A18BDEC4AA1}.Ad-Hoc|iPhoneSimulator.ActiveCfg = Release|Any CPU
		{0839AD46-24AC-4FF0-A989-6A18BDEC4AA1}.Ad-Hoc|iPhoneSimulator.Build.0 = Release|Any CPU
		{0839AD46-24AC-4FF0-A989-6A18BDEC4AA1}.Ad-Hoc|iPhoneSimulator.Deploy.0 = Release|Any CPU
		{0839AD46-24AC-4FF0-A989-6A18BDEC4AA1}.Ad-Hoc|x64.ActiveCfg = Release|x64
		{0839AD46-24AC-4FF0-A989-6A18BDEC4AA1}.Ad-Hoc|x64.Build.0 = Release|x64
		{0839AD46-24AC-4FF0-A989-6A18BDEC4AA1}.Ad-Hoc|x64.Deploy.0 = Release|x64
		{0839AD46-24AC-4FF0-A989-6A18BDEC4AA1}.Ad-Hoc|x86.ActiveCfg = Release|x86
		{0839AD46-24AC-4FF0-A989-6A18BDEC4AA1}.Ad-Hoc|x86.Build.0 = Release|x86
		{0839AD46-24AC-4FF0-A989-6A18BDEC4AA1}.Ad-Hoc|x86.Deploy.0 = Release|x86
		{0839AD46-24AC-4FF0-A989-6A18BDEC4AA1}.AppStore|Any CPU.ActiveCfg = Release|Any CPU
		{0839AD46-24AC-4FF0-A989-6A18BDEC4AA1}.AppStore|Any CPU.Build.0 = Release|Any CPU
		{0839AD46-24AC-4FF0-A989-6A18BDEC4AA1}.AppStore|Any CPU.Deploy.0 = Release|Any CPU
		{0839AD46-24AC-4FF0-A989-6A18BDEC4AA1}.AppStore|ARM.ActiveCfg = Release|ARM
		{0839AD46-24AC-4FF0-A989-6A18BDEC4AA1}.AppStore|ARM.Build.0 = Release|ARM
		{0839AD46-24AC-4FF0-A989-6A18BDEC4AA1}.AppStore|ARM.Deploy.0 = Release|ARM
		{0839AD46-24AC-4FF0-A989-6A18BDEC4AA1}.AppStore|iPhone.ActiveCfg = Release|Any CPU
		{0839AD46-24AC-4FF0-A989-6A18BDEC4AA1}.AppStore|iPhone.Build.0 = Release|Any CPU
		{0839AD46-24AC-4FF0-A989-6A18BDEC4AA1}.AppStore|iPhone.Deploy.0 = Release|Any CPU
		{0839AD46-24AC-4FF0-A989-6A18BDEC4AA1}.AppStore|iPhoneSimulator.ActiveCfg = Release|Any CPU
		{0839AD46-24AC-4FF0-A989-6A18BDEC4AA1}.AppStore|iPhoneSimulator.Build.0 = Release|Any CPU
		{0839AD46-24AC-4FF0-A989-6A18BDEC4AA1}.AppStore|iPhoneSimulator.Deploy.0 = Release|Any CPU
		{0839AD46-24AC-4FF0-A989-6A18BDEC4AA1}.AppStore|x64.ActiveCfg = Release|x64
		{0839AD46-24AC-4FF0-A989-6A18BDEC4AA1}.AppStore|x64.Build.0 = Release|x64
		{0839AD46-24AC-4FF0-A989-6A18BDEC4AA1}.AppStore|x64.Deploy.0 = Release|x64
		{0839AD46-24AC-4FF0-A989-6A18BDEC4AA1}.AppStore|x86.ActiveCfg = Release|x86
		{0839AD46-24AC-4FF0-A989-6A18BDEC4AA1}.AppStore|x86.Build.0 = Release|x86
		{0839AD46-24AC-4FF0-A989-6A18BDEC4AA1}.AppStore|x86.Deploy.0 = Release|x86
		{0839AD46-24AC-4FF0-A989-6A18BDEC4AA1}.Debug|Any CPU.ActiveCfg = Debug|Any CPU
		{0839AD46-24AC-4FF0-A989-6A18BDEC4AA1}.Debug|Any CPU.Build.0 = Debug|Any CPU
		{0839AD46-24AC-4FF0-A989-6A18BDEC4AA1}.Debug|Any CPU.Deploy.0 = Debug|Any CPU
		{0839AD46-24AC-4FF0-A989-6A18BDEC4AA1}.Debug|ARM.ActiveCfg = Debug|ARM
		{0839AD46-24AC-4FF0-A989-6A18BDEC4AA1}.Debug|ARM.Build.0 = Debug|ARM
		{0839AD46-24AC-4FF0-A989-6A18BDEC4AA1}.Debug|ARM.Deploy.0 = Debug|ARM
		{0839AD46-24AC-4FF0-A989-6A18BDEC4AA1}.Debug|iPhone.ActiveCfg = Debug|Any CPU
		{0839AD46-24AC-4FF0-A989-6A18BDEC4AA1}.Debug|iPhone.Build.0 = Debug|Any CPU
		{0839AD46-24AC-4FF0-A989-6A18BDEC4AA1}.Debug|iPhone.Deploy.0 = Debug|Any CPU
		{0839AD46-24AC-4FF0-A989-6A18BDEC4AA1}.Debug|iPhoneSimulator.ActiveCfg = Debug|Any CPU
		{0839AD46-24AC-4FF0-A989-6A18BDEC4AA1}.Debug|iPhoneSimulator.Build.0 = Debug|Any CPU
		{0839AD46-24AC-4FF0-A989-6A18BDEC4AA1}.Debug|iPhoneSimulator.Deploy.0 = Debug|Any CPU
		{0839AD46-24AC-4FF0-A989-6A18BDEC4AA1}.Debug|x64.ActiveCfg = Debug|x64
		{0839AD46-24AC-4FF0-A989-6A18BDEC4AA1}.Debug|x64.Build.0 = Debug|x64
		{0839AD46-24AC-4FF0-A989-6A18BDEC4AA1}.Debug|x64.Deploy.0 = Debug|x64
		{0839AD46-24AC-4FF0-A989-6A18BDEC4AA1}.Debug|x86.ActiveCfg = Debug|x86
		{0839AD46-24AC-4FF0-A989-6A18BDEC4AA1}.Debug|x86.Build.0 = Debug|x86
		{0839AD46-24AC-4FF0-A989-6A18BDEC4AA1}.Debug|x86.Deploy.0 = Debug|x86
		{0839AD46-24AC-4FF0-A989-6A18BDEC4AA1}.Release|Any CPU.ActiveCfg = Release|Any CPU
		{0839AD46-24AC-4FF0-A989-6A18BDEC4AA1}.Release|Any CPU.Build.0 = Release|Any CPU
		{0839AD46-24AC-4FF0-A989-6A18BDEC4AA1}.Release|Any CPU.Deploy.0 = Release|Any CPU
		{0839AD46-24AC-4FF0-A989-6A18BDEC4AA1}.Release|ARM.ActiveCfg = Release|ARM
		{0839AD46-24AC-4FF0-A989-6A18BDEC4AA1}.Release|ARM.Build.0 = Release|ARM
		{0839AD46-24AC-4FF0-A989-6A18BDEC4AA1}.Release|ARM.Deploy.0 = Release|ARM
		{0839AD46-24AC-4FF0-A989-6A18BDEC4AA1}.Release|iPhone.ActiveCfg = Release|Any CPU
		{0839AD46-24AC-4FF0-A989-6A18BDEC4AA1}.Release|iPhone.Build.0 = Release|Any CPU
		{0839AD46-24AC-4FF0-A989-6A18BDEC4AA1}.Release|iPhone.Deploy.0 = Release|Any CPU
		{0839AD46-24AC-4FF0-A989-6A18BDEC4AA1}.Release|iPhoneSimulator.ActiveCfg = Release|Any CPU
		{0839AD46-24AC-4FF0-A989-6A18BDEC4AA1}.Release|iPhoneSimulator.Build.0 = Release|Any CPU
		{0839AD46-24AC-4FF0-A989-6A18BDEC4AA1}.Release|iPhoneSimulator.Deploy.0 = Release|Any CPU
		{0839AD46-24AC-4FF0-A989-6A18BDEC4AA1}.Release|x64.ActiveCfg = Release|x64
		{0839AD46-24AC-4FF0-A989-6A18BDEC4AA1}.Release|x64.Build.0 = Release|x64
		{0839AD46-24AC-4FF0-A989-6A18BDEC4AA1}.Release|x64.Deploy.0 = Release|x64
		{0839AD46-24AC-4FF0-A989-6A18BDEC4AA1}.Release|x86.ActiveCfg = Release|x86
		{0839AD46-24AC-4FF0-A989-6A18BDEC4AA1}.Release|x86.Build.0 = Release|x86
		{0839AD46-24AC-4FF0-A989-6A18BDEC4AA1}.Release|x86.Deploy.0 = Release|x86
		{4DACE15D-6945-4928-B506-373F92B53298}.Ad-Hoc|Any CPU.ActiveCfg = Release|Any CPU
		{4DACE15D-6945-4928-B506-373F92B53298}.Ad-Hoc|Any CPU.Build.0 = Release|Any CPU
		{4DACE15D-6945-4928-B506-373F92B53298}.Ad-Hoc|ARM.ActiveCfg = Release|Any CPU
		{4DACE15D-6945-4928-B506-373F92B53298}.Ad-Hoc|ARM.Build.0 = Release|Any CPU
		{4DACE15D-6945-4928-B506-373F92B53298}.Ad-Hoc|iPhone.ActiveCfg = Release|Any CPU
		{4DACE15D-6945-4928-B506-373F92B53298}.Ad-Hoc|iPhone.Build.0 = Release|Any CPU
		{4DACE15D-6945-4928-B506-373F92B53298}.Ad-Hoc|iPhoneSimulator.ActiveCfg = Release|Any CPU
		{4DACE15D-6945-4928-B506-373F92B53298}.Ad-Hoc|iPhoneSimulator.Build.0 = Release|Any CPU
		{4DACE15D-6945-4928-B506-373F92B53298}.Ad-Hoc|x64.ActiveCfg = Release|Any CPU
		{4DACE15D-6945-4928-B506-373F92B53298}.Ad-Hoc|x64.Build.0 = Release|Any CPU
		{4DACE15D-6945-4928-B506-373F92B53298}.Ad-Hoc|x86.ActiveCfg = Release|Any CPU
		{4DACE15D-6945-4928-B506-373F92B53298}.Ad-Hoc|x86.Build.0 = Release|Any CPU
		{4DACE15D-6945-4928-B506-373F92B53298}.AppStore|Any CPU.ActiveCfg = Release|Any CPU
		{4DACE15D-6945-4928-B506-373F92B53298}.AppStore|Any CPU.Build.0 = Release|Any CPU
		{4DACE15D-6945-4928-B506-373F92B53298}.AppStore|ARM.ActiveCfg = Release|Any CPU
		{4DACE15D-6945-4928-B506-373F92B53298}.AppStore|ARM.Build.0 = Release|Any CPU
		{4DACE15D-6945-4928-B506-373F92B53298}.AppStore|iPhone.ActiveCfg = Release|Any CPU
		{4DACE15D-6945-4928-B506-373F92B53298}.AppStore|iPhone.Build.0 = Release|Any CPU
		{4DACE15D-6945-4928-B506-373F92B53298}.AppStore|iPhoneSimulator.ActiveCfg = Release|Any CPU
		{4DACE15D-6945-4928-B506-373F92B53298}.AppStore|iPhoneSimulator.Build.0 = Release|Any CPU
		{4DACE15D-6945-4928-B506-373F92B53298}.AppStore|x64.ActiveCfg = Release|Any CPU
		{4DACE15D-6945-4928-B506-373F92B53298}.AppStore|x64.Build.0 = Release|Any CPU
		{4DACE15D-6945-4928-B506-373F92B53298}.AppStore|x86.ActiveCfg = Release|Any CPU
		{4DACE15D-6945-4928-B506-373F92B53298}.AppStore|x86.Build.0 = Release|Any CPU
		{4DACE15D-6945-4928-B506-373F92B53298}.Debug|Any CPU.ActiveCfg = Debug|Any CPU
		{4DACE15D-6945-4928-B506-373F92B53298}.Debug|Any CPU.Build.0 = Debug|Any CPU
		{4DACE15D-6945-4928-B506-373F92B53298}.Debug|ARM.ActiveCfg = Debug|Any CPU
		{4DACE15D-6945-4928-B506-373F92B53298}.Debug|ARM.Build.0 = Debug|Any CPU
		{4DACE15D-6945-4928-B506-373F92B53298}.Debug|iPhone.ActiveCfg = Debug|Any CPU
		{4DACE15D-6945-4928-B506-373F92B53298}.Debug|iPhone.Build.0 = Debug|Any CPU
		{4DACE15D-6945-4928-B506-373F92B53298}.Debug|iPhoneSimulator.ActiveCfg = Debug|Any CPU
		{4DACE15D-6945-4928-B506-373F92B53298}.Debug|iPhoneSimulator.Build.0 = Debug|Any CPU
		{4DACE15D-6945-4928-B506-373F92B53298}.Debug|x64.ActiveCfg = Debug|Any CPU
		{4DACE15D-6945-4928-B506-373F92B53298}.Debug|x64.Build.0 = Debug|Any CPU
		{4DACE15D-6945-4928-B506-373F92B53298}.Debug|x86.ActiveCfg = Debug|Any CPU
		{4DACE15D-6945-4928-B506-373F92B53298}.Debug|x86.Build.0 = Debug|Any CPU
		{4DACE15D-6945-4928-B506-373F92B53298}.Release|Any CPU.ActiveCfg = Release|Any CPU
		{4DACE15D-6945-4928-B506-373F92B53298}.Release|Any CPU.Build.0 = Release|Any CPU
		{4DACE15D-6945-4928-B506-373F92B53298}.Release|ARM.ActiveCfg = Release|Any CPU
		{4DACE15D-6945-4928-B506-373F92B53298}.Release|ARM.Build.0 = Release|Any CPU
		{4DACE15D-6945-4928-B506-373F92B53298}.Release|iPhone.ActiveCfg = Release|Any CPU
		{4DACE15D-6945-4928-B506-373F92B53298}.Release|iPhone.Build.0 = Release|Any CPU
		{4DACE15D-6945-4928-B506-373F92B53298}.Release|iPhoneSimulator.ActiveCfg = Release|Any CPU
		{4DACE15D-6945-4928-B506-373F92B53298}.Release|iPhoneSimulator.Build.0 = Release|Any CPU
		{4DACE15D-6945-4928-B506-373F92B53298}.Release|x64.ActiveCfg = Release|Any CPU
		{4DACE15D-6945-4928-B506-373F92B53298}.Release|x64.Build.0 = Release|Any CPU
		{4DACE15D-6945-4928-B506-373F92B53298}.Release|x86.ActiveCfg = Release|Any CPU
		{4DACE15D-6945-4928-B506-373F92B53298}.Release|x86.Build.0 = Release|Any CPU
	EndGlobalSection
	GlobalSection(SolutionProperties) = preSolution
		HideSolutionNode = FALSE
	EndGlobalSection
EndGlobal
